
Microsoft Visual Studio Solution File, Format Version 10.00
# Visual Studio 2008
Project("{D183A3D8-5FD8-494B-B014-37F57B35E655}") = "004-ExemploAggregation", "004-ExemploAggregation\004-ExemploAggregation.dtproj", "{337F2A52-DD0C-4407-981F-7C6B988FB801}"
EndProject
Global
	GlobalSection(SolutionConfigurationPlatforms) = preSolution
		Development|Default = Development|Default
	EndGlobalSection
	GlobalSection(ProjectConfigurationPlatforms) = postSolution
		{337F2A52-DD0C-4407-981F-7C6B988FB801}.Development|Default.ActiveCfg = Development
		{337F2A52-DD0C-4407-981F-7C6B988FB801}.Development|Default.Build.0 = Development
	EndGlobalSection
	GlobalSection(SolutionProperties) = preSolution
		HideSolutionNode = FALSE
	EndGlobalSection
EndGlobal
