
Microsoft Visual Studio Solution File, Format Version 10.00
# Visual Studio 2008
Project("{D183A3D8-5FD8-494B-B014-37F57B35E655}") = "007-ExemploCheckpoint", "007-ExemploCheckpoint\007-ExemploCheckpoint.dtproj", "{9F0D78FD-ED55-49F0-90BB-DFFC4E72AD34}"
EndProject
Global
	GlobalSection(SolutionConfigurationPlatforms) = preSolution
		Development|Default = Development|Default
	EndGlobalSection
	GlobalSection(ProjectConfigurationPlatforms) = postSolution
		{9F0D78FD-ED55-49F0-90BB-DFFC4E72AD34}.Development|Default.ActiveCfg = Development
		{9F0D78FD-ED55-49F0-90BB-DFFC4E72AD34}.Development|Default.Build.0 = Development
	EndGlobalSection
	GlobalSection(SolutionProperties) = preSolution
		HideSolutionNode = FALSE
	EndGlobalSection
EndGlobal
