
Microsoft Visual Studio Solution File, Format Version 10.00
# Visual Studio 2008
Project("{D183A3D8-5FD8-494B-B014-37F57B35E655}") = "004-ExemploImportColumn", "004-ExemploImportColumn\004-ExemploImportColumn.dtproj", "{CB2AABE9-D688-4755-AE4C-BAA0900EA758}"
EndProject
Global
	GlobalSection(SolutionConfigurationPlatforms) = preSolution
		Development|Default = Development|Default
	EndGlobalSection
	GlobalSection(ProjectConfigurationPlatforms) = postSolution
		{CB2AABE9-D688-4755-AE4C-BAA0900EA758}.Development|Default.ActiveCfg = Development
		{CB2AABE9-D688-4755-AE4C-BAA0900EA758}.Development|Default.Build.0 = Development
	EndGlobalSection
	GlobalSection(SolutionProperties) = preSolution
		HideSolutionNode = FALSE
	EndGlobalSection
EndGlobal
