
Microsoft Visual Studio Solution File, Format Version 10.00
# Visual Studio 2008
Project("{D183A3D8-5FD8-494B-B014-37F57B35E655}") = "004-ExemploMergeJoin", "004-ExemploMergeJoin\004-ExemploMergeJoin.dtproj", "{ED091DAC-8A37-49AD-BC06-C34F6486589E}"
EndProject
Global
	GlobalSection(SolutionConfigurationPlatforms) = preSolution
		Development|Default = Development|Default
	EndGlobalSection
	GlobalSection(ProjectConfigurationPlatforms) = postSolution
		{ED091DAC-8A37-49AD-BC06-C34F6486589E}.Development|Default.ActiveCfg = Development
		{ED091DAC-8A37-49AD-BC06-C34F6486589E}.Development|Default.Build.0 = Development
	EndGlobalSection
	GlobalSection(SolutionProperties) = preSolution
		HideSolutionNode = FALSE
	EndGlobalSection
EndGlobal
