
Microsoft Visual Studio Solution File, Format Version 10.00
# Visual Studio 2008
Project("{D183A3D8-5FD8-494B-B014-37F57B35E655}") = "002-ExemploBulkInsertForEach", "002-ExemploBulkInsertForEach\002-ExemploBulkInsertForEach.dtproj", "{6A0CF156-6DBE-4A2B-8BD5-88075EC5223A}"
EndProject
Global
	GlobalSection(SolutionConfigurationPlatforms) = preSolution
		Development|Default = Development|Default
	EndGlobalSection
	GlobalSection(ProjectConfigurationPlatforms) = postSolution
		{6A0CF156-6DBE-4A2B-8BD5-88075EC5223A}.Development|Default.ActiveCfg = Development
		{6A0CF156-6DBE-4A2B-8BD5-88075EC5223A}.Development|Default.Build.0 = Development
	EndGlobalSection
	GlobalSection(SolutionProperties) = preSolution
		HideSolutionNode = FALSE
	EndGlobalSection
EndGlobal
