
Microsoft Visual Studio Solution File, Format Version 10.00
# Visual Studio 2008
Project("{D183A3D8-5FD8-494B-B014-37F57B35E655}") = "006-ErrorHandling", "006-ErrorHandling\006-ErrorHandling.dtproj", "{73BE2419-8CFA-41A0-AEF0-675B16F12756}"
EndProject
Global
	GlobalSection(SolutionConfigurationPlatforms) = preSolution
		Development|Default = Development|Default
	EndGlobalSection
	GlobalSection(ProjectConfigurationPlatforms) = postSolution
		{73BE2419-8CFA-41A0-AEF0-675B16F12756}.Development|Default.ActiveCfg = Development
		{73BE2419-8CFA-41A0-AEF0-675B16F12756}.Development|Default.Build.0 = Development
	EndGlobalSection
	GlobalSection(SolutionProperties) = preSolution
		HideSolutionNode = FALSE
	EndGlobalSection
EndGlobal
